
Microsoft Visual Studio Solution File, Format Version 11.00
# Visual C# Express 2010
Project("{FAE04EC0-301F-11D3-BF4B-00C04F79EFBC}") = "Encrypter", "Encrypter\Encrypter.csproj", "{864D80B5-B5D7-4A5A-B99F-CA9F02B8CE7C}"
EndProject
Global
	GlobalSection(SolutionConfigurationPlatforms) = preSolution
		Debug|x86 = Debug|x86
		Release|x86 = Release|x86
	EndGlobalSection
	GlobalSection(ProjectConfigurationPlatforms) = postSolution
		{864D80B5-B5D7-4A5A-B99F-CA9F02B8CE7C}.Debug|x86.ActiveCfg = Debug|x86
		{864D80B5-B5D7-4A5A-B99F-CA9F02B8CE7C}.Debug|x86.Build.0 = Debug|x86
		{864D80B5-B5D7-4A5A-B99F-CA9F02B8CE7C}.Release|x86.ActiveCfg = Release|x86
		{864D80B5-B5D7-4A5A-B99F-CA9F02B8CE7C}.Release|x86.Build.0 = Release|x86
	EndGlobalSection
	GlobalSection(SolutionProperties) = preSolution
		HideSolutionNode = FALSE
	EndGlobalSection
EndGlobal
